lockfileVersion: 5.4

specifiers:
  '@types/node': ^18.7.16
  react: ^18.2.0
  usehooks-ts: ^2.6.0

devDependencies:
  '@types/node': 18.7.16
  react: 18.2.0
  usehooks-ts: 2.6.0_react@18.2.0

packages:

  /@types/node/18.7.16:
    resolution: {integrity: sha512-EQHhixfu+mkqHMZl1R2Ovuvn47PUw18azMJOTwSZr9/fhzHNGXAJ0ma0dayRVchprpCj0Kc1K1xKoWaATWF1qg==}
    dev: true

  /js-tokens/4.0.0:
    resolution: {integrity: sha512-RdJUflcE3cUzKiMqQgsCu06FPu9UdIJO0beYbPhHN4k6apgJtifcoCtT9bcxOpYBtpD2kCM6Sbzg4CausW/PKQ==}
    dev: true

  /loose-envify/1.4.0:
    resolution: {integrity: sha512-lyuxPGr/Wfhrlem2CL/UcnUc1zcqKAImBDzukY7Y5F/yQiNdko6+fRLevlw1HgMySw7f611UIY408EtxRSoK3Q==}
    hasBin: true
    dependencies:
      js-tokens: 4.0.0
    dev: true

  /react/18.2.0:
    resolution: {integrity: sha512-/3IjMdb2L9QbBdWiW5e3P2/npwMBaU9mHCSCUzNln0ZCYbcfTsGbTJrU/kGemdH2IWmB2ioZ+zkxtmq6g09fGQ==}
    engines: {node: '>=0.10.0'}
    dependencies:
      loose-envify: 1.4.0
    dev: true

  /usehooks-ts/2.6.0_react@18.2.0:
    resolution: {integrity: sha512-Kj/4oc2nOxRDGTDb2v1ZulF7+tpeXFuqI6cUesM0Vic7TPPDlFORxKh4ivsYg+NTvX/YbM+lhqqkfFTiIt23eg==}
    peerDependencies:
      react: '>=16.9.0'
    dependencies:
      react: 18.2.0
    dev: true
